<?xml version="1.0" encoding="utf-8"?>
<Project ToolsVersion="4.0" xmlns="http://schemas.microsoft.com/developer/msbuild/2003">
  <ItemGroup>
    <Filter Include="Source Files">
      <UniqueIdentifier>{4FC737F1-C7A5-4376-A066-2A32D752A2FF}</UniqueIdentifier>
      <Extensions>cpp;c;cc;cxx;c++;cppm;ixx;def;odl;idl;hpj;bat;asm;asmx</Extensions>
    </Filter>
    <Filter Include="Header Files">
      <UniqueIdentifier>{93995380-89BD-4b04-88EB-625FBE52EBFB}</UniqueIdentifier>
      <Extensions>h;hh;hpp;hxx;h++;hm;inl;inc;ipp;xsd</Extensions>
    </Filter>
    <Filter Include="Resource Files">
      <UniqueIdentifier>{67DA6AB6-F800-4c08-8B7A-83BB121AAD01}</UniqueIdentifier>
      <Extensions>rc;ico;cur;bmp;dlg;rc2;rct;bin;rgs;gif;jpg;jpeg;jpe;resx;tiff;tif;png;wav;mfcribbon-ms</Extensions>
    </Filter>
    <Filter Include="GameEngine">
      <UniqueIdentifier>{8e62149d-9515-44d6-b69e-b5ac5a024821}</UniqueIdentifier>
    </Filter>
    <Filter Include="Enemy">
      <UniqueIdentifier>{18f0f02d-5d34-49aa-903c-dad1705a7876}</UniqueIdentifier>
    </Filter>
    <Filter Include="Enemy\Waves">
      <UniqueIdentifier>{df2557aa-fcc5-40a1-bd68-605fac60cf64}</UniqueIdentifier>
    </Filter>
    <Filter Include="Enemy\Types">
      <UniqueIdentifier>{9da1ccc8-a1ed-406d-993a-1012128398e1}</UniqueIdentifier>
    </Filter>
    <Filter Include="Map">
      <UniqueIdentifier>{28354d7f-c55e-4d02-8c70-45207dec2e49}</UniqueIdentifier>
    </Filter>
    <Filter Include="Player">
      <UniqueIdentifier>{1db5eadc-b814-4d98-bb65-58caa3f063c1}</UniqueIdentifier>
    </Filter>
    <Filter Include="Tower">
      <UniqueIdentifier>{3662059e-9394-43d1-80cb-67a2c2560473}</UniqueIdentifier>
    </Filter>
    <Filter Include="Tower\Menues">
      <UniqueIdentifier>{51d939d3-3b64-495b-9d02-b90abbfc65e2}</UniqueIdentifier>
    </Filter>
    <Filter Include="Tower\Projectiles">
      <UniqueIdentifier>{efb66c56-af95-4d21-ab65-c87ad7d389d2}</UniqueIdentifier>
    </Filter>
    <Filter Include="Tower\Types">
      <UniqueIdentifier>{131ce004-ebe2-49d3-804b-11e2bc974773}</UniqueIdentifier>
    </Filter>
    <Filter Include="Menues">
      <UniqueIdentifier>{f1b95a01-fecf-45e9-b3e8-bb94b67a78ec}</UniqueIdentifier>
    </Filter>
  </ItemGroup>
  <ItemGroup>
    <ClCompile Include="Source.cpp">
      <Filter>Source Files</Filter>
    </ClCompile>
    <ClCompile Include="Enemy\Enemy.cpp">
      <Filter>Enemy</Filter>
    </ClCompile>
    <ClCompile Include="gamengine\GameEngine.cpp">
      <Filter>GameEngine</Filter>
    </ClCompile>
    <ClCompile Include="waves\Wave.cpp">
      <Filter>Enemy\Waves</Filter>
    </ClCompile>
    <ClCompile Include="enemy\EmpireScout.cpp">
      <Filter>Enemy\Types</Filter>
    </ClCompile>
    <ClCompile Include="enemy\RadiationBerserker.cpp">
      <Filter>Enemy\Types</Filter>
    </ClCompile>
    <ClCompile Include="enemy\WastelandMarauder.cpp">
      <Filter>Enemy\Types</Filter>
    </ClCompile>
    <ClCompile Include="waves\Map.cpp">
      <Filter>Map</Filter>
    </ClCompile>
    <ClCompile Include="menues\Button.cpp">
      <Filter>Menues</Filter>
    </ClCompile>
    <ClCompile Include="menues\GameOverMenu.cpp">
      <Filter>Menues</Filter>
    </ClCompile>
    <ClCompile Include="menues\LevelCompleteMenu.cpp">
      <Filter>Menues</Filter>
    </ClCompile>
    <ClCompile Include="menues\SmallMenu.cpp">
      <Filter>Menues</Filter>
    </ClCompile>
    <ClCompile Include="player\Player.cpp">
      <Filter>Player</Filter>
    </ClCompile>
    <ClCompile Include="player\PlayerMenu.cpp">
      <Filter>Player</Filter>
    </ClCompile>
    <ClCompile Include="tower\Tower.cpp">
      <Filter>Tower</Filter>
    </ClCompile>
    <ClCompile Include="tower\Upgrade.cpp">
      <Filter>Tower</Filter>
    </ClCompile>
    <ClCompile Include="tower\FlameTurret.cpp">
      <Filter>Tower\Types</Filter>
    </ClCompile>
    <ClCompile Include="tower\LaserTower.cpp">
      <Filter>Tower\Types</Filter>
    </ClCompile>
    <ClCompile Include="tower\TowerMenu.cpp">
      <Filter>Tower\Menues</Filter>
    </ClCompile>
    <ClCompile Include="tower\TowerSelectionMenu.cpp">
      <Filter>Tower\Menues</Filter>
    </ClCompile>
    <ClCompile Include="projectiles\FlameProjectile.cpp">
      <Filter>Tower\Projectiles</Filter>
    </ClCompile>
    <ClCompile Include="projectiles\LaserProjectile.cpp">
      <Filter>Tower\Projectiles</Filter>
    </ClCompile>
    <ClCompile Include="projectiles\Projectile.cpp">
      <Filter>Tower\Projectiles</Filter>
    </ClCompile>
  </ItemGroup>
  <ItemGroup>
    <ClInclude Include="Enemy\Enemy.h">
      <Filter>Enemy</Filter>
    </ClInclude>
    <ClInclude Include="gamengine\GameEngine.h">
      <Filter>GameEngine</Filter>
    </ClInclude>
    <ClInclude Include="waves\PathsConfig.h">
      <Filter>Enemy\Waves</Filter>
    </ClInclude>
    <ClInclude Include="waves\Wave.h">
      <Filter>Enemy\Waves</Filter>
    </ClInclude>
    <ClInclude Include="enemy\EmpireScout.h">
      <Filter>Enemy\Types</Filter>
    </ClInclude>
    <ClInclude Include="enemy\RadiationBerserker.h">
      <Filter>Enemy\Types</Filter>
    </ClInclude>
    <ClInclude Include="enemy\WastelandMarauder.h">
      <Filter>Enemy\Types</Filter>
    </ClInclude>
    <ClInclude Include="waves\Map.h">
      <Filter>Map</Filter>
    </ClInclude>
    <ClInclude Include="menues\Button.h">
      <Filter>Menues</Filter>
    </ClInclude>
    <ClInclude Include="menues\GameOverMenu.h">
      <Filter>Menues</Filter>
    </ClInclude>
    <ClInclude Include="menues\LevelCompleteMenu.h">
      <Filter>Menues</Filter>
    </ClInclude>
    <ClInclude Include="menues\SmallMenu.h">
      <Filter>Menues</Filter>
    </ClInclude>
    <ClInclude Include="player\Player.h">
      <Filter>Player</Filter>
    </ClInclude>
    <ClInclude Include="player\PlayerMenu.h">
      <Filter>Player</Filter>
    </ClInclude>
    <ClInclude Include="tower\Tower.h">
      <Filter>Tower</Filter>
    </ClInclude>
    <ClInclude Include="tower\Upgrade.h">
      <Filter>Tower</Filter>
    </ClInclude>
    <ClInclude Include="tower\FlameTurret.h">
      <Filter>Tower\Types</Filter>
    </ClInclude>
    <ClInclude Include="tower\LaserTower.h">
      <Filter>Tower\Types</Filter>
    </ClInclude>
    <ClInclude Include="tower\TowerMenu.h">
      <Filter>Tower\Menues</Filter>
    </ClInclude>
    <ClInclude Include="tower\TowerSelectionMenu.h">
      <Filter>Tower\Menues</Filter>
    </ClInclude>
    <ClInclude Include="projectiles\FlameProjectile.h">
      <Filter>Tower\Projectiles</Filter>
    </ClInclude>
    <ClInclude Include="projectiles\LaserProjectile.h">
      <Filter>Tower\Projectiles</Filter>
    </ClInclude>
    <ClInclude Include="projectiles\Projectile.h">
      <Filter>Tower\Projectiles</Filter>
    </ClInclude>
  </ItemGroup>
</Project>